// !$*UTF8*$!
{
	archiveVersion = 1;
	classes = {
	};
	objectVersion = 55;
	objects = {

/* Begin PBXBuildFile section */
		7234AF88275F721D00C46C72 /* CircleView.swift in Sources */ = {isa = PBXBuildFile; fileRef = 7234AF87275F721D00C46C72 /* CircleView.swift */; };
		72E80338275BBC6C0003F4DA /* AppDelegate.swift in Sources */ = {isa = PBXBuildFile; fileRef = 72E80337275BBC6C0003F4DA /* AppDelegate.swift */; };
		72E8033A275BBC6D0003F4DA /* SceneDelegate.swift in Sources */ = {isa = PBXBuildFile; fileRef = 72E80339275BBC6D0003F4DA /* SceneDelegate.swift */; };
		72E8033C275BBC6D0003F4DA /* ViewController.swift in Sources */ = {isa = PBXBuildFile; fileRef = 72E8033B275BBC6D0003F4DA /* ViewController.swift */; };
		72E8033F275BBC6D0003F4DA /* Main.storyboard in Resources */ = {isa = PBXBuildFile; fileRef = 72E8033D275BBC6D0003F4DA /* Main.storyboard */; };
		72E80341275BBC6F0003F4DA /* Assets.xcassets in Resources */ = {isa = PBXBuildFile; fileRef = 72E80340275BBC6F0003F4DA /* Assets.xcassets */; };
		72E80344275BBC6F0003F4DA /* LaunchScreen.storyboard in Resources */ = {isa = PBXBuildFile; fileRef = 72E80342275BBC6F0003F4DA /* LaunchScreen.storyboard */; };
		72E8034C275BF6230003F4DA /* BezierView.swift in Sources */ = {isa = PBXBuildFile; fileRef = 72E8034B275BF6230003F4DA /* BezierView.swift */; };
		72E8034E275CB84D0003F4DA /* ViewController2.swift in Sources */ = {isa = PBXBuildFile; fileRef = 72E8034D275CB84D0003F4DA /* ViewController2.swift */; };
		72E80350275E189C0003F4DA /* ViewController3.swift in Sources */ = {isa = PBXBuildFile; fileRef = 72E8034F275E189C0003F4DA /* ViewController3.swift */; };
/* End PBXBuildFile section */

/* Begin PBXFileReference section */
		7234AF87275F721D00C46C72 /* CircleView.swift */ = {isa = PBXFileReference; lastKnownFileType = sourcecode.swift; path = CircleView.swift; sourceTree = "<group>"; };
		72E80334275BBC6C0003F4DA /* CircleTimer.app */ = {isa = PBXFileReference; explicitFileType = wrapper.application; includeInIndex = 0; path = CircleTimer.app; sourceTree = BUILT_PRODUCTS_DIR; };
		72E80337275BBC6C0003F4DA /* AppDelegate.swift */ = {isa = PBXFileReference; lastKnownFileType = sourcecode.swift; path = AppDelegate.swift; sourceTree = "<group>"; };
		72E80339275BBC6D0003F4DA /* SceneDelegate.swift */ = {isa = PBXFileReference; lastKnownFileType = sourcecode.swift; path = SceneDelegate.swift; sourceTree = "<group>"; };
		72E8033B275BBC6D0003F4DA /* ViewController.swift */ = {isa = PBXFileReference; lastKnownFileType = sourcecode.swift; path = ViewController.swift; sourceTree = "<group>"; };
		72E8033E275BBC6D0003F4DA /* Base */ = {isa = PBXFileReference; lastKnownFileType = file.storyboard; name = Base; path = Base.lproj/Main.storyboard; sourceTree = "<group>"; };
		72E80340275BBC6F0003F4DA /* Assets.xcassets */ = {isa = PBXFileReference; lastKnownFileType = folder.assetcatalog; path = Assets.xcassets; sourceTree = "<group>"; };
		72E80343275BBC6F0003F4DA /* Base */ = {isa = PBXFileReference; lastKnownFileType = file.storyboard; name = Base; path = Base.lproj/LaunchScreen.storyboard; sourceTree = "<group>"; };
		72E80345275BBC6F0003F4DA /* Info.plist */ = {isa = PBXFileReference; lastKnownFileType = text.plist.xml; path = Info.plist; sourceTree = "<group>"; };
		72E8034B275BF6230003F4DA /* BezierView.swift */ = {isa = PBXFileReference; lastKnownFileType = sourcecode.swift; path = BezierView.swift; sourceTree = "<group>"; };
		72E8034D275CB84D0003F4DA /* ViewController2.swift */ = {isa = PBXFileReference; lastKnownFileType = sourcecode.swift; path = ViewController2.swift; sourceTree = "<group>"; };
		72E8034F275E189C0003F4DA /* ViewController3.swift */ = {isa = PBXFileReference; lastKnownFileType = sourcecode.swift; path = ViewController3.swift; sourceTree = "<group>"; };
/* End PBXFileReference section */

/* Begin PBXFrameworksBuildPhase section */
		72E80331275BBC6C0003F4DA /* Frameworks */ = {
			isa = PBXFrameworksBuildPhase;
			buildActionMask = 2147483647;
			files = (
			);
			runOnlyForDeploymentPostprocessing = 0;
		};
/* End PBXFrameworksBuildPhase section */

/* Begin PBXGroup section */
		72E8032B275BBC6C0003F4DA = {
			isa = PBXGroup;
			children = (
				72E80336275BBC6C0003F4DA /* CircleTimer */,
				72E80335275BBC6C0003F4DA /* Products */,
			);
			sourceTree = "<group>";
		};
		72E80335275BBC6C0003F4DA /* Products */ = {
			isa = PBXGroup;
			children = (
				72E80334275BBC6C0003F4DA /* CircleTimer.app */,
			);
			name = Products;
			sourceTree = "<group>";
		};
		72E80336275BBC6C0003F4DA /* CircleTimer */ = {
			isa = PBXGroup;
			children = (
				72E80337275BBC6C0003F4DA /* AppDelegate.swift */,
				72E80339275BBC6D0003F4DA /* SceneDelegate.swift */,
				72E8033B275BBC6D0003F4DA /* ViewController.swift */,
				72E8033D275BBC6D0003F4DA /* Main.storyboard */,
				7234AF87275F721D00C46C72 /* CircleView.swift */,
				72E8034F275E189C0003F4DA /* ViewController3.swift */,
				72E8034B275BF6230003F4DA /* BezierView.swift */,
				72E8034D275CB84D0003F4DA /* ViewController2.swift */,
				72E80340275BBC6F0003F4DA /* Assets.xcassets */,
				72E80342275BBC6F0003F4DA /* LaunchScreen.storyboard */,
				72E80345275BBC6F0003F4DA /* Info.plist */,
			);
			path = CircleTimer;
			sourceTree = "<group>";
		};
/* End PBXGroup section */

/* Begin PBXNativeTarget section */
		72E80333275BBC6C0003F4DA /* CircleTimer */ = {
			isa = PBXNativeTarget;
			buildConfigurationList = 72E80348275BBC6F0003F4DA /* Build configuration list for PBXNativeTarget "CircleTimer" */;
			buildPhases = (
				72E80330275BBC6C0003F4DA /* Sources */,
				72E80331275BBC6C0003F4DA /* Frameworks */,
				72E80332275BBC6C0003F4DA /* Resources */,
			);
			buildRules = (
			);
			dependencies = (
			);
			name = CircleTimer;
			productName = CircleTimer;
			productReference = 72E80334275BBC6C0003F4DA /* CircleTimer.app */;
			productType = "com.apple.product-type.application";
		};
/* End PBXNativeTarget section */

/* Begin PBXProject section */
		72E8032C275BBC6C0003F4DA /* Project object */ = {
			isa = PBXProject;
			attributes = {
				BuildIndependentTargetsInParallel = 1;
				LastSwiftUpdateCheck = 1300;
				LastUpgradeCheck = 1300;
				TargetAttributes = {
					72E80333275BBC6C0003F4DA = {
						CreatedOnToolsVersion = 13.0;
					};
				};
			};
			buildConfigurationList = 72E8032F275BBC6C0003F4DA /* Build configuration list for PBXProject "CircleTimer" */;
			compatibilityVersion = "Xcode 13.0";
			developmentRegion = en;
			hasScannedForEncodings = 0;
			knownRegions = (
				en,
				Base,
			);
			mainGroup = 72E8032B275BBC6C0003F4DA;
			productRefGroup = 72E80335275BBC6C0003F4DA /* Products */;
			projectDirPath = "";
			projectRoot = "";
			targets = (
				72E80333275BBC6C0003F4DA /* CircleTimer */,
			);
		};
/* End PBXProject section */

/* Begin PBXResourcesBuildPhase section */
		72E80332275BBC6C0003F4DA /* Resources */ = {
			isa = PBXResourcesBuildPhase;
			buildActionMask = 2147483647;
			files = (
				72E80344275BBC6F0003F4DA /* LaunchScreen.storyboard in Resources */,
				72E80341275BBC6F0003F4DA /* Assets.xcassets in Resources */,
				72E8033F275BBC6D0003F4DA /* Main.storyboard in Resources */,
			);
			runOnlyForDeploymentPostprocessing = 0;
		};
/* End PBXResourcesBuildPhase section */

/* Begin PBXSourcesBuildPhase section */
		72E80330275BBC6C0003F4DA /* Sources */ = {
			isa = PBXSourcesBuildPhase;
			buildActionMask = 2147483647;
			files = (
				72E8034E275CB84D0003F4DA /* ViewController2.swift in Sources */,
				72E8033C275BBC6D0003F4DA /* ViewController.swift in Sources */,
				72E80350275E189C0003F4DA /* ViewController3.swift in Sources */,
				72E80338275BBC6C0003F4DA /* AppDelegate.swift in Sources */,
				72E8033A275BBC6D0003F4DA /* SceneDelegate.swift in Sources */,
				7234AF88275F721D00C46C72 /* CircleView.swift in Sources */,
				72E8034C275BF6230003F4DA /* BezierView.swift in Sources */,
			);
			runOnlyForDeploymentPostprocessing = 0;
		};
/* End PBXSourcesBuildPhase section */

/* Begin PBXVariantGroup section */
		72E8033D275BBC6D0003F4DA /* Main.storyboard */ = {
			isa = PBXVariantGroup;
			children = (
				72E8033E275BBC6D0003F4DA /* Base */,
			);
			name = Main.storyboard;
			sourceTree = "<group>";
		};
		72E80342275BBC6F0003F4DA /* LaunchScreen.storyboard */ = {
			isa = PBXVariantGroup;
			children = (
				72E80343275BBC6F0003F4DA /* Base */,
			);
			name = LaunchScreen.storyboard;
			sourceTree = "<group>";
		};
/* End PBXVariantGroup section */

/* Begin XCBuildConfiguration section */
		72E80346275BBC6F0003F4DA /* Debug */ = {
			isa = XCBuildConfiguration;
			buildSettings = {
				ALWAYS_SEARCH_USER_PATHS = NO;
				CLANG_ANALYZER_NONNULL = YES;
				CLANG_ANALYZER_NUMBER_OBJECT_CONVERSION = YES_AGGRESSIVE;
				CLANG_CXX_LANGUAGE_STANDARD = "gnu++17";
				CLANG_CXX_LIBRARY = "libc++";
				CLANG_ENABLE_MODULES = YES;
				CLANG_ENABLE_OBJC_ARC = YES;
				CLANG_ENABLE_OBJC_WEAK = YES;
				CLANG_WARN_BLOCK_CAPTURE_AUTORELEASING = YES;
				CLANG_WARN_BOOL_CONVERSION = YES;
				CLANG_WARN_COMMA = YES;
				CLANG_WARN_CONSTANT_CONVERSION = YES;
				CLANG_WARN_DEPRECATED_OBJC_IMPLEMENTATIONS = YES;
				CLANG_WARN_DIRECT_OBJC_ISA_USAGE = YES_ERROR;
				CLANG_WARN_DOCUMENTATION_COMMENTS = YES;
				CLANG_WARN_EMPTY_BODY = YES;
				CLANG_WARN_ENUM_CONVERSION = YES;
				CLANG_WARN_INFINITE_RECURSION = YES;
				CLANG_WARN_INT_CONVERSION = YES;
				CLANG_WARN_NON_LITERAL_NULL_CONVERSION = YES;
				CLANG_WARN_OBJC_IMPLICIT_RETAIN_SELF = YES;
				CLANG_WARN_OBJC_LITERAL_CONVERSION = YES;
				CLANG_WARN_OBJC_ROOT_CLASS = YES_ERROR;
				CLANG_WARN_QUOTED_INCLUDE_IN_FRAMEWORK_HEADER = YES;
				CLANG_WARN_RANGE_LOOP_ANALYSIS = YES;
				CLANG_WARN_STRICT_PROTOTYPES = YES;
				CLANG_WARN_SUSPICIOUS_MOVE = YES;
				CLANG_WARN_UNGUARDED_AVAILABILITY = YES_AGGRESSIVE;
				CLANG_WARN_UNREACHABLE_CODE = YES;
				CLANG_WARN__DUPLICATE_METHOD_MATCH = YES;
				COPY_PHASE_STRIP = NO;
				DEBUG_INFORMATION_FORMAT = dwarf;
				ENABLE_STRICT_OBJC_MSGSEND = YES;
				ENABLE_TESTABILITY = YES;
				GCC_C_LANGUAGE_STANDARD = gnu11;
				GCC_DYNAMIC_NO_PIC = NO;
				GCC_NO_COMMON_BLOCKS = YES;
				GCC_OPTIMIZATION_LEVEL = 0;
				GCC_PREPROCESSOR_DEFINITIONS = (
					"DEBUG=1",
					"$(inherited)",
				);
				GCC_WARN_64_TO_32_BIT_CONVERSION = YES;
				GCC_WARN_ABOUT_RETURN_TYPE = YES_ERROR;
				GCC_WARN_UNDECLARED_SELECTOR = YES;
				GCC_WARN_UNINITIALIZED_AUTOS = YES_AGGRESSIVE;
				GCC_WARN_UNUSED_FUNCTION = YES;
				GCC_WARN_UNUSED_VARIABLE = YES;
				IPHONEOS_DEPLOYMENT_TARGET = 15.0;
				MTL_ENABLE_DEBUG_INFO = INCLUDE_SOURCE;
				MTL_FAST_MATH = YES;
				ONLY_ACTIVE_ARCH = YES;
				SDKROOT = iphoneos;
				SWIFT_ACTIVE_COMPILATION_CONDITIONS = DEBUG;
				SWIFT_OPTIMIZATION_LEVEL = "-Onone";
			};
			name = Debug;
		};
		72E80347275BBC6F0003F4DA /* Release */ = {
			isa = XCBuildConfiguration;
			buildSettings = {
				ALWAYS_SEARCH_USER_PATHS = NO;
				CLANG_ANALYZER_NONNULL = YES;
				CLANG_ANALYZER_NUMBER_OBJECT_CONVERSION = YES_AGGRESSIVE;
				CLANG_CXX_LANGUAGE_STANDARD = "gnu++17";
				CLANG_CXX_LIBRARY = "libc++";
				CLANG_ENABLE_MODULES = YES;
				CLANG_ENABLE_OBJC_ARC = YES;
				CLANG_ENABLE_OBJC_WEAK = YES;
				CLANG_WARN_BLOCK_CAPTURE_AUTORELEASING = YES;
				CLANG_WARN_BOOL_CONVERSION = YES;
				CLANG_WARN_COMMA = YES;
				CLANG_WARN_CONSTANT_CONVERSION = YES;
				CLANG_WARN_DEPRECATED_OBJC_IMPLEMENTATIONS = YES;
				CLANG_WARN_DIRECT_OBJC_ISA_USAGE = YES_ERROR;
				CLANG_WARN_DOCUMENTATION_COMMENTS = YES;
				CLANG_WARN_EMPTY_BODY = YES;
				CLANG_WARN_ENUM_CONVERSION = YES;
				CLANG_WARN_INFINITE_RECURSION = YES;
				CLANG_WARN_INT_CONVERSION = YES;
				CLANG_WARN_NON_LITERAL_NULL_CONVERSION = YES;
				CLANG_WARN_OBJC_IMPLICIT_RETAIN_SELF = YES;
				CLANG_WARN_OBJC_LITERAL_CONVERSION = YES;
				CLANG_WARN_OBJC_ROOT_CLASS = YES_ERROR;
				CLANG_WARN_QUOTED_INCLUDE_IN_FRAMEWORK_HEADER = YES;
				CLANG_WARN_RANGE_LOOP_ANALYSIS = YES;
				CLANG_WARN_STRICT_PROTOTYPES = YES;
				CLANG_WARN_SUSPICIOUS_MOVE = YES;
				CLANG_WARN_UNGUARDED_AVAILABILITY = YES_AGGRESSIVE;
				CLANG_WARN_UNREACHABLE_CODE = YES;
				CLANG_WARN__DUPLICATE_METHOD_MATCH = YES;
				COPY_PHASE_STRIP = NO;
				DEBUG_INFORMATION_FORMAT = "dwarf-with-dsym";
				ENABLE_NS_ASSERTIONS = NO;
				ENABLE_STRICT_OBJC_MSGSEND = YES;
				GCC_C_LANGUAGE_STANDARD = gnu11;
				GCC_NO_COMMON_BLOCKS = YES;
				GCC_WARN_64_TO_32_BIT_CONVERSION = YES;
				GCC_WARN_ABOUT_RETURN_TYPE = YES_ERROR;
				GCC_WARN_UNDECLARED_SELECTOR = YES;
				GCC_WARN_UNINITIALIZED_AUTOS = YES_AGGRESSIVE;
				GCC_WARN_UNUSED_FUNCTION = YES;
				GCC_WARN_UNUSED_VARIABLE = YES;
				IPHONEOS_DEPLOYMENT_TARGET = 15.0;
				MTL_ENABLE_DEBUG_INFO = NO;
				MTL_FAST_MATH = YES;
				SDKROOT = iphoneos;
				SWIFT_COMPILATION_MODE = wholemodule;
				SWIFT_OPTIMIZATION_LEVEL = "-O";
				VALIDATE_PRODUCT = YES;
			};
			name = Release;
		};
		72E80349275BBC6F0003F4DA /* Debug */ = {
			isa = XCBuildConfiguration;
			buildSettings = {
				ASSETCATALOG_COMPILER_APPICON_NAME = AppIcon;
				ASSETCATALOG_COMPILER_GLOBAL_ACCENT_COLOR_NAME = AccentColor;
				CODE_SIGN_STYLE = Automatic;
				CURRENT_PROJECT_VERSION = 1;
				DEVELOPMENT_TEAM = W7529SH9D9;
				GENERATE_INFOPLIST_FILE = YES;
				INFOPLIST_FILE = CircleTimer/Info.plist;
				INFOPLIST_KEY_UIApplicationSupportsIndirectInputEvents = YES;
				INFOPLIST_KEY_UILaunchStoryboardName = LaunchScreen;
				INFOPLIST_KEY_UIMainStoryboardFile = Main;
				INFOPLIST_KEY_UISupportedInterfaceOrientations_iPad = "UIInterfaceOrientationPortrait UIInterfaceOrientationPortraitUpsideDown UIInterfaceOrientationLandscapeLeft UIInterfaceOrientationLandscapeRight";
				INFOPLIST_KEY_UISupportedInterfaceOrientations_iPhone = "UIInterfaceOrientationPortrait UIInterfaceOrientationLandscapeLeft UIInterfaceOrientationLandscapeRight";
				LD_RUNPATH_SEARCH_PATHS = (
					"$(inherited)",
					"@executable_path/Frameworks",
				);
				MARKETING_VERSION = 1.0;
				PRODUCT_BUNDLE_IDENTIFIER = alexKoro.CircleTimer;
				PRODUCT_NAME = "$(TARGET_NAME)";
				SWIFT_EMIT_LOC_STRINGS = YES;
				SWIFT_VERSION = 5.0;
				TARGETED_DEVICE_FAMILY = "1,2";
			};
			name = Debug;
		};
		72E8034A275BBC6F0003F4DA /* Release */ = {
			isa = XCBuildConfiguration;
			buildSettings = {
				ASSETCATALOG_COMPILER_APPICON_NAME = AppIcon;
				ASSETCATALOG_COMPILER_GLOBAL_ACCENT_COLOR_NAME = AccentColor;
				CODE_SIGN_STYLE = Automatic;
				CURRENT_PROJECT_VERSION = 1;
				DEVELOPMENT_TEAM = W7529SH9D9;
				GENERATE_INFOPLIST_FILE = YES;
				INFOPLIST_FILE = CircleTimer/Info.plist;
				INFOPLIST_KEY_UIApplicationSupportsIndirectInputEvents = YES;
				INFOPLIST_KEY_UILaunchStoryboardName = LaunchScreen;
				INFOPLIST_KEY_UIMainStoryboardFile = Main;
				INFOPLIST_KEY_UISupportedInterfaceOrientations_iPad = "UIInterfaceOrientationPortrait UIInterfaceOrientationPortraitUpsideDown UIInterfaceOrientationLandscapeLeft UIInterfaceOrientationLandscapeRight";
				INFOPLIST_KEY_UISupportedInterfaceOrientations_iPhone = "UIInterfaceOrientationPortrait UIInterfaceOrientationLandscapeLeft UIInterfaceOrientationLandscapeRight";
				LD_RUNPATH_SEARCH_PATHS = (
					"$(inherited)",
					"@executable_path/Frameworks",
				);
				MARKETING_VERSION = 1.0;
				PRODUCT_BUNDLE_IDENTIFIER = alexKoro.CircleTimer;
				PRODUCT_NAME = "$(TARGET_NAME)";
				SWIFT_EMIT_LOC_STRINGS = YES;
				SWIFT_VERSION = 5.0;
				TARGETED_DEVICE_FAMILY = "1,2";
			};
			name = Release;
		};
/* End XCBuildConfiguration section */

/* Begin XCConfigurationList section */
		72E8032F275BBC6C0003F4DA /* Build configuration list for PBXProject "CircleTimer" */ = {
			isa = XCConfigurationList;
			buildConfigurations = (
				72E80346275BBC6F0003F4DA /* Debug */,
				72E80347275BBC6F0003F4DA /* Release */,
			);
			defaultConfigurationIsVisible = 0;
			defaultConfigurationName = Release;
		};
		72E80348275BBC6F0003F4DA /* Build configuration list for PBXNativeTarget "CircleTimer" */ = {
			isa = XCConfigurationList;
			buildConfigurations = (
				72E80349275BBC6F0003F4DA /* Debug */,
				72E8034A275BBC6F0003F4DA /* Release */,
			);
			defaultConfigurationIsVisible = 0;
			defaultConfigurationName = Release;
		};
/* End XCConfigurationList section */
	};
	rootObject = 72E8032C275BBC6C0003F4DA /* Project object */;
}
